
Microsoft Visual Studio Solution File, Format Version 12.00
# Visual Studio Version 16
VisualStudioVersion = 16.0.29102.190
MinimumVisualStudioVersion = 10.0.40219.1
Project("{8BC9CEB8-8B4A-11D0-8D11-00A0C91BC942}") = "BOJ_2798", "BOJ_blackjack\BOJ_blackjack.vcxproj", "{1C2FFB4E-3016-48AA-AB02-9287EBC4F935}"
EndProject
Project("{8BC9CEB8-8B4A-11D0-8D11-00A0C91BC942}") = "BOJ_2231", "BOJ_2231\BOJ_2231.vcxproj", "{63C7CA5E-6F94-41C6-82BA-BA9C80A3AA79}"
EndProject
Project("{8BC9CEB8-8B4A-11D0-8D11-00A0C91BC942}") = "BOJ_7568", "BOJ_7568\BOJ_7568.vcxproj", "{094AB7B9-3749-469D-8479-B8FFCF9E47BB}"
EndProject
Project("{8BC9CEB8-8B4A-11D0-8D11-00A0C91BC942}") = "BOJ_1018", "BOJ_1018\BOJ_1018.vcxproj", "{F631E783-C2D1-4E2C-8AA7-EA416DC2BB8F}"
EndProject
Project("{8BC9CEB8-8B4A-11D0-8D11-00A0C91BC942}") = "BOJ_1436", "BOJ_1436\BOJ_1436.vcxproj", "{B8923048-CBEA-4C0E-B190-A2A082CA049B}"
EndProject
Project("{8BC9CEB8-8B4A-11D0-8D11-00A0C91BC942}") = "BOJ_2750", "BOJ_2750\BOJ_2750.vcxproj", "{24AAD351-DE2C-4869-9A14-EB50C2E8BE01}"
EndProject
Project("{8BC9CEB8-8B4A-11D0-8D11-00A0C91BC942}") = "BOJ_2751", "BOJ_2751\BOJ_2751.vcxproj", "{8D9F78CB-AA9F-42D7-A988-95AA6641B1E0}"
EndProject
Project("{8BC9CEB8-8B4A-11D0-8D11-00A0C91BC942}") = "BOJ_10989", "BOJ_10989\BOJ_10989.vcxproj", "{84C9EEBF-40F4-429C-BDDF-763FA49B95F2}"
EndProject
Project("{8BC9CEB8-8B4A-11D0-8D11-00A0C91BC942}") = "BOJ_2748", "BOJ_2748\BOJ_2748.vcxproj", "{FA807D22-657D-40AD-8FE6-C2ABA5FF1DE1}"
EndProject
Project("{8BC9CEB8-8B4A-11D0-8D11-00A0C91BC942}") = "BOJ_1003", "BOJ_1003\BOJ_1003.vcxproj", "{E6A119B6-983D-4505-BE36-E0C4D7C90916}"
EndProject
Project("{8BC9CEB8-8B4A-11D0-8D11-00A0C91BC942}") = "BOJ_1904", "BOJ_1904\BOJ_1904.vcxproj", "{9C21A728-10DE-4CC7-9961-ACC0C59B95A5}"
EndProject
Project("{8BC9CEB8-8B4A-11D0-8D11-00A0C91BC942}") = "BOJ_1932", "BOJ_1932\BOJ_1932.vcxproj", "{80534891-ABC1-4B71-BF28-3495A78FED01}"
EndProject
Project("{8BC9CEB8-8B4A-11D0-8D11-00A0C91BC942}") = "BOJ_9461", "BOJ_9461\BOJ_9461.vcxproj", "{AEE8CA08-F7A4-436B-BD71-71651CB5F9EB}"
EndProject
Project("{8BC9CEB8-8B4A-11D0-8D11-00A0C91BC942}") = "BOJ_1149", "BOJ_1149\BOJ_1149.vcxproj", "{C8BCFD10-B88F-4850-9FB9-06B1E01686A9}"
EndProject
Global
	GlobalSection(SolutionConfigurationPlatforms) = preSolution
		Debug|x64 = Debug|x64
		Debug|x86 = Debug|x86
		Release|x64 = Release|x64
		Release|x86 = Release|x86
	EndGlobalSection
	GlobalSection(ProjectConfigurationPlatforms) = postSolution
		{1C2FFB4E-3016-48AA-AB02-9287EBC4F935}.Debug|x64.ActiveCfg = Debug|x64
		{1C2FFB4E-3016-48AA-AB02-9287EBC4F935}.Debug|x64.Build.0 = Debug|x64
		{1C2FFB4E-3016-48AA-AB02-9287EBC4F935}.Debug|x86.ActiveCfg = Debug|Win32
		{1C2FFB4E-3016-48AA-AB02-9287EBC4F935}.Debug|x86.Build.0 = Debug|Win32
		{1C2FFB4E-3016-48AA-AB02-9287EBC4F935}.Release|x64.ActiveCfg = Release|x64
		{1C2FFB4E-3016-48AA-AB02-9287EBC4F935}.Release|x64.Build.0 = Release|x64
		{1C2FFB4E-3016-48AA-AB02-9287EBC4F935}.Release|x86.ActiveCfg = Release|Win32
		{1C2FFB4E-3016-48AA-AB02-9287EBC4F935}.Release|x86.Build.0 = Release|Win32
		{63C7CA5E-6F94-41C6-82BA-BA9C80A3AA79}.Debug|x64.ActiveCfg = Debug|x64
		{63C7CA5E-6F94-41C6-82BA-BA9C80A3AA79}.Debug|x64.Build.0 = Debug|x64
		{63C7CA5E-6F94-41C6-82BA-BA9C80A3AA79}.Debug|x86.ActiveCfg = Debug|Win32
		{63C7CA5E-6F94-41C6-82BA-BA9C80A3AA79}.Debug|x86.Build.0 = Debug|Win32
		{63C7CA5E-6F94-41C6-82BA-BA9C80A3AA79}.Release|x64.ActiveCfg = Release|x64
		{63C7CA5E-6F94-41C6-82BA-BA9C80A3AA79}.Release|x64.Build.0 = Release|x64
		{63C7CA5E-6F94-41C6-82BA-BA9C80A3AA79}.Release|x86.ActiveCfg = Release|Win32
		{63C7CA5E-6F94-41C6-82BA-BA9C80A3AA79}.Release|x86.Build.0 = Release|Win32
		{094AB7B9-3749-469D-8479-B8FFCF9E47BB}.Debug|x64.ActiveCfg = Debug|x64
		{094AB7B9-3749-469D-8479-B8FFCF9E47BB}.Debug|x64.Build.0 = Debug|x64
		{094AB7B9-3749-469D-8479-B8FFCF9E47BB}.Debug|x86.ActiveCfg = Debug|Win32
		{094AB7B9-3749-469D-8479-B8FFCF9E47BB}.Debug|x86.Build.0 = Debug|Win32
		{094AB7B9-3749-469D-8479-B8FFCF9E47BB}.Release|x64.ActiveCfg = Release|x64
		{094AB7B9-3749-469D-8479-B8FFCF9E47BB}.Release|x64.Build.0 = Release|x64
		{094AB7B9-3749-469D-8479-B8FFCF9E47BB}.Release|x86.ActiveCfg = Release|Win32
		{094AB7B9-3749-469D-8479-B8FFCF9E47BB}.Release|x86.Build.0 = Release|Win32
		{F631E783-C2D1-4E2C-8AA7-EA416DC2BB8F}.Debug|x64.ActiveCfg = Debug|x64
		{F631E783-C2D1-4E2C-8AA7-EA416DC2BB8F}.Debug|x64.Build.0 = Debug|x64
		{F631E783-C2D1-4E2C-8AA7-EA416DC2BB8F}.Debug|x86.ActiveCfg = Debug|Win32
		{F631E783-C2D1-4E2C-8AA7-EA416DC2BB8F}.Debug|x86.Build.0 = Debug|Win32
		{F631E783-C2D1-4E2C-8AA7-EA416DC2BB8F}.Release|x64.ActiveCfg = Release|x64
		{F631E783-C2D1-4E2C-8AA7-EA416DC2BB8F}.Release|x64.Build.0 = Release|x64
		{F631E783-C2D1-4E2C-8AA7-EA416DC2BB8F}.Release|x86.ActiveCfg = Release|Win32
		{F631E783-C2D1-4E2C-8AA7-EA416DC2BB8F}.Release|x86.Build.0 = Release|Win32
		{B8923048-CBEA-4C0E-B190-A2A082CA049B}.Debug|x64.ActiveCfg = Debug|x64
		{B8923048-CBEA-4C0E-B190-A2A082CA049B}.Debug|x64.Build.0 = Debug|x64
		{B8923048-CBEA-4C0E-B190-A2A082CA049B}.Debug|x86.ActiveCfg = Debug|Win32
		{B8923048-CBEA-4C0E-B190-A2A082CA049B}.Debug|x86.Build.0 = Debug|Win32
		{B8923048-CBEA-4C0E-B190-A2A082CA049B}.Release|x64.ActiveCfg = Release|x64
		{B8923048-CBEA-4C0E-B190-A2A082CA049B}.Release|x64.Build.0 = Release|x64
		{B8923048-CBEA-4C0E-B190-A2A082CA049B}.Release|x86.ActiveCfg = Release|Win32
		{B8923048-CBEA-4C0E-B190-A2A082CA049B}.Release|x86.Build.0 = Release|Win32
		{24AAD351-DE2C-4869-9A14-EB50C2E8BE01}.Debug|x64.ActiveCfg = Debug|x64
		{24AAD351-DE2C-4869-9A14-EB50C2E8BE01}.Debug|x64.Build.0 = Debug|x64
		{24AAD351-DE2C-4869-9A14-EB50C2E8BE01}.Debug|x86.ActiveCfg = Debug|Win32
		{24AAD351-DE2C-4869-9A14-EB50C2E8BE01}.Debug|x86.Build.0 = Debug|Win32
		{24AAD351-DE2C-4869-9A14-EB50C2E8BE01}.Release|x64.ActiveCfg = Release|x64
		{24AAD351-DE2C-4869-9A14-EB50C2E8BE01}.Release|x64.Build.0 = Release|x64
		{24AAD351-DE2C-4869-9A14-EB50C2E8BE01}.Release|x86.ActiveCfg = Release|Win32
		{24AAD351-DE2C-4869-9A14-EB50C2E8BE01}.Release|x86.Build.0 = Release|Win32
		{8D9F78CB-AA9F-42D7-A988-95AA6641B1E0}.Debug|x64.ActiveCfg = Debug|x64
		{8D9F78CB-AA9F-42D7-A988-95AA6641B1E0}.Debug|x64.Build.0 = Debug|x64
		{8D9F78CB-AA9F-42D7-A988-95AA6641B1E0}.Debug|x86.ActiveCfg = Debug|Win32
		{8D9F78CB-AA9F-42D7-A988-95AA6641B1E0}.Debug|x86.Build.0 = Debug|Win32
		{8D9F78CB-AA9F-42D7-A988-95AA6641B1E0}.Release|x64.ActiveCfg = Release|x64
		{8D9F78CB-AA9F-42D7-A988-95AA6641B1E0}.Release|x64.Build.0 = Release|x64
		{8D9F78CB-AA9F-42D7-A988-95AA6641B1E0}.Release|x86.ActiveCfg = Release|Win32
		{8D9F78CB-AA9F-42D7-A988-95AA6641B1E0}.Release|x86.Build.0 = Release|Win32
		{84C9EEBF-40F4-429C-BDDF-763FA49B95F2}.Debug|x64.ActiveCfg = Debug|x64
		{84C9EEBF-40F4-429C-BDDF-763FA49B95F2}.Debug|x64.Build.0 = Debug|x64
		{84C9EEBF-40F4-429C-BDDF-763FA49B95F2}.Debug|x86.ActiveCfg = Debug|Win32
		{84C9EEBF-40F4-429C-BDDF-763FA49B95F2}.Debug|x86.Build.0 = Debug|Win32
		{84C9EEBF-40F4-429C-BDDF-763FA49B95F2}.Release|x64.ActiveCfg = Release|x64
		{84C9EEBF-40F4-429C-BDDF-763FA49B95F2}.Release|x64.Build.0 = Release|x64
		{84C9EEBF-40F4-429C-BDDF-763FA49B95F2}.Release|x86.ActiveCfg = Release|Win32
		{84C9EEBF-40F4-429C-BDDF-763FA49B95F2}.Release|x86.Build.0 = Release|Win32
		{FA807D22-657D-40AD-8FE6-C2ABA5FF1DE1}.Debug|x64.ActiveCfg = Debug|x64
		{FA807D22-657D-40AD-8FE6-C2ABA5FF1DE1}.Debug|x64.Build.0 = Debug|x64
		{FA807D22-657D-40AD-8FE6-C2ABA5FF1DE1}.Debug|x86.ActiveCfg = Debug|Win32
		{FA807D22-657D-40AD-8FE6-C2ABA5FF1DE1}.Debug|x86.Build.0 = Debug|Win32
		{FA807D22-657D-40AD-8FE6-C2ABA5FF1DE1}.Release|x64.ActiveCfg = Release|x64
		{FA807D22-657D-40AD-8FE6-C2ABA5FF1DE1}.Release|x64.Build.0 = Release|x64
		{FA807D22-657D-40AD-8FE6-C2ABA5FF1DE1}.Release|x86.ActiveCfg = Release|Win32
		{FA807D22-657D-40AD-8FE6-C2ABA5FF1DE1}.Release|x86.Build.0 = Release|Win32
		{E6A119B6-983D-4505-BE36-E0C4D7C90916}.Debug|x64.ActiveCfg = Debug|x64
		{E6A119B6-983D-4505-BE36-E0C4D7C90916}.Debug|x64.Build.0 = Debug|x64
		{E6A119B6-983D-4505-BE36-E0C4D7C90916}.Debug|x86.ActiveCfg = Debug|Win32
		{E6A119B6-983D-4505-BE36-E0C4D7C90916}.Debug|x86.Build.0 = Debug|Win32
		{E6A119B6-983D-4505-BE36-E0C4D7C90916}.Release|x64.ActiveCfg = Release|x64
		{E6A119B6-983D-4505-BE36-E0C4D7C90916}.Release|x64.Build.0 = Release|x64
		{E6A119B6-983D-4505-BE36-E0C4D7C90916}.Release|x86.ActiveCfg = Release|Win32
		{E6A119B6-983D-4505-BE36-E0C4D7C90916}.Release|x86.Build.0 = Release|Win32
		{9C21A728-10DE-4CC7-9961-ACC0C59B95A5}.Debug|x64.ActiveCfg = Debug|x64
		{9C21A728-10DE-4CC7-9961-ACC0C59B95A5}.Debug|x64.Build.0 = Debug|x64
		{9C21A728-10DE-4CC7-9961-ACC0C59B95A5}.Debug|x86.ActiveCfg = Debug|Win32
		{9C21A728-10DE-4CC7-9961-ACC0C59B95A5}.Debug|x86.Build.0 = Debug|Win32
		{9C21A728-10DE-4CC7-9961-ACC0C59B95A5}.Release|x64.ActiveCfg = Release|x64
		{9C21A728-10DE-4CC7-9961-ACC0C59B95A5}.Release|x64.Build.0 = Release|x64
		{9C21A728-10DE-4CC7-9961-ACC0C59B95A5}.Release|x86.ActiveCfg = Release|Win32
		{9C21A728-10DE-4CC7-9961-ACC0C59B95A5}.Release|x86.Build.0 = Release|Win32
		{80534891-ABC1-4B71-BF28-3495A78FED01}.Debug|x64.ActiveCfg = Debug|x64
		{80534891-ABC1-4B71-BF28-3495A78FED01}.Debug|x64.Build.0 = Debug|x64
		{80534891-ABC1-4B71-BF28-3495A78FED01}.Debug|x86.ActiveCfg = Debug|Win32
		{80534891-ABC1-4B71-BF28-3495A78FED01}.Debug|x86.Build.0 = Debug|Win32
		{80534891-ABC1-4B71-BF28-3495A78FED01}.Release|x64.ActiveCfg = Release|x64
		{80534891-ABC1-4B71-BF28-3495A78FED01}.Release|x64.Build.0 = Release|x64
		{80534891-ABC1-4B71-BF28-3495A78FED01}.Release|x86.ActiveCfg = Release|Win32
		{80534891-ABC1-4B71-BF28-3495A78FED01}.Release|x86.Build.0 = Release|Win32
		{AEE8CA08-F7A4-436B-BD71-71651CB5F9EB}.Debug|x64.ActiveCfg = Debug|x64
		{AEE8CA08-F7A4-436B-BD71-71651CB5F9EB}.Debug|x64.Build.0 = Debug|x64
		{AEE8CA08-F7A4-436B-BD71-71651CB5F9EB}.Debug|x86.ActiveCfg = Debug|Win32
		{AEE8CA08-F7A4-436B-BD71-71651CB5F9EB}.Debug|x86.Build.0 = Debug|Win32
		{AEE8CA08-F7A4-436B-BD71-71651CB5F9EB}.Release|x64.ActiveCfg = Release|x64
		{AEE8CA08-F7A4-436B-BD71-71651CB5F9EB}.Release|x64.Build.0 = Release|x64
		{AEE8CA08-F7A4-436B-BD71-71651CB5F9EB}.Release|x86.ActiveCfg = Release|Win32
		{AEE8CA08-F7A4-436B-BD71-71651CB5F9EB}.Release|x86.Build.0 = Release|Win32
		{C8BCFD10-B88F-4850-9FB9-06B1E01686A9}.Debug|x64.ActiveCfg = Debug|x64
		{C8BCFD10-B88F-4850-9FB9-06B1E01686A9}.Debug|x64.Build.0 = Debug|x64
		{C8BCFD10-B88F-4850-9FB9-06B1E01686A9}.Debug|x86.ActiveCfg = Debug|Win32
		{C8BCFD10-B88F-4850-9FB9-06B1E01686A9}.Debug|x86.Build.0 = Debug|Win32
		{C8BCFD10-B88F-4850-9FB9-06B1E01686A9}.Release|x64.ActiveCfg = Release|x64
		{C8BCFD10-B88F-4850-9FB9-06B1E01686A9}.Release|x64.Build.0 = Release|x64
		{C8BCFD10-B88F-4850-9FB9-06B1E01686A9}.Release|x86.ActiveCfg = Release|Win32
		{C8BCFD10-B88F-4850-9FB9-06B1E01686A9}.Release|x86.Build.0 = Release|Win32
	EndGlobalSection
	GlobalSection(SolutionProperties) = preSolution
		HideSolutionNode = FALSE
	EndGlobalSection
	GlobalSection(ExtensibilityGlobals) = postSolution
		SolutionGuid = {6BAE7ED7-4907-4357-9C0D-1F6CD749E89E}
	EndGlobalSection
EndGlobal
