
Microsoft Visual Studio Solution File, Format Version 12.00
# Visual Studio Version 16
VisualStudioVersion = 16.0.29102.190
MinimumVisualStudioVersion = 10.0.40219.1
Project("{8BC9CEB8-8B4A-11D0-8D11-00A0C91BC942}") = "BOJ_2798_blacJack", "BOJ_blackjack\BOJ_blackjack.vcxproj", "{1C2FFB4E-3016-48AA-AB02-9287EBC4F935}"
EndProject
Project("{8BC9CEB8-8B4A-11D0-8D11-00A0C91BC942}") = "BOJ_2231", "BOJ_2231\BOJ_2231.vcxproj", "{63C7CA5E-6F94-41C6-82BA-BA9C80A3AA79}"
EndProject
Project("{8BC9CEB8-8B4A-11D0-8D11-00A0C91BC942}") = "BOJ_7568", "BOJ_7568\BOJ_7568.vcxproj", "{094AB7B9-3749-469D-8479-B8FFCF9E47BB}"
EndProject
Project("{8BC9CEB8-8B4A-11D0-8D11-00A0C91BC942}") = "BOJ_1018", "BOJ_1018\BOJ_1018.vcxproj", "{F631E783-C2D1-4E2C-8AA7-EA416DC2BB8F}"
EndProject
Project("{8BC9CEB8-8B4A-11D0-8D11-00A0C91BC942}") = "BOJ_1436", "BOJ_1436\BOJ_1436.vcxproj", "{B8923048-CBEA-4C0E-B190-A2A082CA049B}"
EndProject
Project("{8BC9CEB8-8B4A-11D0-8D11-00A0C91BC942}") = "BOJ_2750", "BOJ_2750\BOJ_2750.vcxproj", "{24AAD351-DE2C-4869-9A14-EB50C2E8BE01}"
EndProject
Project("{8BC9CEB8-8B4A-11D0-8D11-00A0C91BC942}") = "BOJ_2751", "BOJ_2751\BOJ_2751.vcxproj", "{8D9F78CB-AA9F-42D7-A988-95AA6641B1E0}"
EndProject
Project("{8BC9CEB8-8B4A-11D0-8D11-00A0C91BC942}") = "BOJ_10989", "BOJ_10989\BOJ_10989.vcxproj", "{84C9EEBF-40F4-429C-BDDF-763FA49B95F2}"
EndProject
Project("{8BC9CEB8-8B4A-11D0-8D11-00A0C91BC942}") = "BOJ_2748", "BOJ_2748\BOJ_2748.vcxproj", "{FA807D22-657D-40AD-8FE6-C2ABA5FF1DE1}"
EndProject
Project("{8BC9CEB8-8B4A-11D0-8D11-00A0C91BC942}") = "BOJ_1003", "BOJ_1003\BOJ_1003.vcxproj", "{E6A119B6-983D-4505-BE36-E0C4D7C90916}"
EndProject
Project("{8BC9CEB8-8B4A-11D0-8D11-00A0C91BC942}") = "BOJ_1904", "BOJ_1904\BOJ_1904.vcxproj", "{9C21A728-10DE-4CC7-9961-ACC0C59B95A5}"
EndProject
Project("{8BC9CEB8-8B4A-11D0-8D11-00A0C91BC942}") = "BOJ_1932", "BOJ_1932\BOJ_1932.vcxproj", "{80534891-ABC1-4B71-BF28-3495A78FED01}"
EndProject
Project("{8BC9CEB8-8B4A-11D0-8D11-00A0C91BC942}") = "BOJ_9461", "BOJ_9461\BOJ_9461.vcxproj", "{AEE8CA08-F7A4-436B-BD71-71651CB5F9EB}"
EndProject
Project("{8BC9CEB8-8B4A-11D0-8D11-00A0C91BC942}") = "BOJ_1149", "BOJ_1149\BOJ_1149.vcxproj", "{C8BCFD10-B88F-4850-9FB9-06B1E01686A9}"
EndProject
Project("{8BC9CEB8-8B4A-11D0-8D11-00A0C91BC942}") = "BOJ_2579", "BOJ_2579\BOJ_2579.vcxproj", "{4C1BAF67-6902-4471-A1AF-F234F2DFFDBC}"
EndProject
Project("{8BC9CEB8-8B4A-11D0-8D11-00A0C91BC942}") = "BOJ_2565_wire", "BOJ_2565\BOJ_2565.vcxproj", "{4B56B2E7-0C92-4F48-8926-E1A538FC8054}"
EndProject
Project("{8BC9CEB8-8B4A-11D0-8D11-00A0C91BC942}") = "BOJ_1463", "BOJ_1463\BOJ_1463.vcxproj", "{B771781C-F15E-4EFB-82FD-92920EEACA15}"
EndProject
Project("{8BC9CEB8-8B4A-11D0-8D11-00A0C91BC942}") = "BOJ_10844_EasyStair", "BOJ_10844_EasyStair\BOJ_10844_EasyStair.vcxproj", "{C09398E2-0305-414F-8864-655FEB1A3A8B}"
EndProject
Project("{8BC9CEB8-8B4A-11D0-8D11-00A0C91BC942}") = "BOJ_2156_wine", "BOJ_2156_wine\BOJ_2156_wine.vcxproj", "{B11ACC61-61AF-4584-94F4-7D3F4FFCA664}"
EndProject
Project("{8BC9CEB8-8B4A-11D0-8D11-00A0C91BC942}") = "BOJ_1978_pirmeNumber", "BOJ_1978_pirmeNumber\BOJ_1978_pirmeNumber.vcxproj", "{1030984D-630C-4E15-83B9-CB287788CB15}"
EndProject
Project("{8BC9CEB8-8B4A-11D0-8D11-00A0C91BC942}") = "BOJ_2581_primeNumberSum", "BOJ_2581_primeNumberSum\BOJ_2581_primeNumberSum.vcxproj", "{9EA4802B-6DA6-4A1A-84FC-C5DDF167B313}"
EndProject
Project("{8BC9CEB8-8B4A-11D0-8D11-00A0C91BC942}") = "BOJ_11053_lis", "BOJ_11053_lis\BOJ_11053_lis.vcxproj", "{14EEC128-9E2E-44B2-8414-A6D3D6FE89E3}"
EndProject
Project("{8BC9CEB8-8B4A-11D0-8D11-00A0C91BC942}") = "ALGO_lowerBound", "ALGO_lowerBound\ALGO_lowerBound.vcxproj", "{481FBC1A-FE1A-4A96-BB5B-5EC974C1D80C}"
EndProject
Project("{8BC9CEB8-8B4A-11D0-8D11-00A0C91BC942}") = "BOJ_11054_Bitonic", "BOJ_11054_Bitonic\BOJ_11054_Bitonic.vcxproj", "{2773F85E-00CE-4EDB-B541-CC4B03C0E3B8}"
EndProject
Project("{8BC9CEB8-8B4A-11D0-8D11-00A0C91BC942}") = "BOJ_9251_LCS", "BOJ_9251_LCS\BOJ_9251_LCS.vcxproj", "{F74F877C-DEFA-469D-A1C6-251AF67E71EA}"
EndProject
Project("{8BC9CEB8-8B4A-11D0-8D11-00A0C91BC942}") = "BOJ_1912_series", "BOJ_1912_series\BOJ_1912_series.vcxproj", "{6DD1EA7D-19CE-4127-80EE-6832A6DCFD20}"
EndProject
Project("{8BC9CEB8-8B4A-11D0-8D11-00A0C91BC942}") = "BOJ_11066_FIleSum", "BOJ_11066_FIleSum\BOJ_11066_FIleSum.vcxproj", "{AA4946E1-3C08-4A63-BD4F-78A951551938}"
EndProject
Project("{8BC9CEB8-8B4A-11D0-8D11-00A0C91BC942}") = "BOJ_12865_knapsack", "BOJ_12865_knapsack\BOJ_12865_knapsack.vcxproj", "{38AC1B57-586D-4737-9AAD-D6556DFCBF62}"
EndProject
Project("{8BC9CEB8-8B4A-11D0-8D11-00A0C91BC942}") = "BOJ_11049_OrderMatrixMul", "BOJ_11049_OrderMatrixMul\BOJ_11049_OrderMatrixMul.vcxproj", "{58650249-F936-4178-88CD-EFC5C43DF794}"
EndProject
Project("{8BC9CEB8-8B4A-11D0-8D11-00A0C91BC942}") = "BOJ_1520_DownStair", "BOJ_1520_DownStair\BOJ_1520_DownStair.vcxproj", "{56C447B6-EE7D-40FC-926B-D882BAE5FD31}"
EndProject
Project("{8BC9CEB8-8B4A-11D0-8D11-00A0C91BC942}") = "BOJ_11047_coin0", "BOD_11047_coin0\BOD_11047_coin0.vcxproj", "{03495244-37ED-457E-AEE9-F9599CC17DCD}"
EndProject
Project("{8BC9CEB8-8B4A-11D0-8D11-00A0C91BC942}") = "BOJ_1931_AssignMeetingRoom", "BOJ_1931_AssignMeetingRoom\BOJ_1931_AssignMeetingRoom.vcxproj", "{9F59392B-B3DD-459A-8F16-B86A394F7825}"
EndProject
Project("{8BC9CEB8-8B4A-11D0-8D11-00A0C91BC942}") = "BOJ_11399_ATM", "BOJ_11399_ATM\BOJ_11399_ATM.vcxproj", "{3073A6E6-77DD-4F48-90B5-134937D39E34}"
EndProject
Project("{8BC9CEB8-8B4A-11D0-8D11-00A0C91BC942}") = "BOJ_2217_rope", "BOJ_2217_rope\BOJ_2217_rope.vcxproj", "{BF32ABD2-BD25-4755-9ED6-8BEFB6D3F323}"
EndProject
Project("{8BC9CEB8-8B4A-11D0-8D11-00A0C91BC942}") = "BOJ_1541_LostBracket", "BOJ_1541_LostBracket\BOJ_1541_LostBracket.vcxproj", "{60C700D8-DE4C-4F77-A406-2728A75271FE}"
EndProject
Project("{2150E333-8FDC-42A3-9474-1A3956D46DE8}") = "Greedy", "Greedy", "{0DA8DD42-6E4B-4E20-9027-D9ABFB3DCE68}"
EndProject
Project("{2150E333-8FDC-42A3-9474-1A3956D46DE8}") = "Sort", "Sort", "{465299BD-827C-4FE8-8EB7-C3E68E3A72E2}"
EndProject
Project("{2150E333-8FDC-42A3-9474-1A3956D46DE8}") = "BruteForce", "BruteForce", "{E7259500-38D4-419D-8930-3A56381D8FDE}"
EndProject
Project("{2150E333-8FDC-42A3-9474-1A3956D46DE8}") = "Math1", "Math1", "{FB707059-513D-4232-81F3-916DEE4696AE}"
EndProject
Project("{2150E333-8FDC-42A3-9474-1A3956D46DE8}") = "Math2", "Math2", "{9DE83D6E-8880-483F-B984-21E6C460E403}"
EndProject
Project("{2150E333-8FDC-42A3-9474-1A3956D46DE8}") = "Math3", "Math3", "{2182C65C-A5F2-4F66-9994-F24F7CBE5A66}"
EndProject
Project("{2150E333-8FDC-42A3-9474-1A3956D46DE8}") = "DynamicProgramming", "DynamicProgramming", "{4F40A787-BAD2-4B65-8380-9F90E42A1E45}"
EndProject
Project("{8BC9CEB8-8B4A-11D0-8D11-00A0C91BC942}") = "BOJ_1712_breakEvenPoint", "BOJ_1712_breakEvenPoint\BOJ_1712_breakEvenPoint.vcxproj", "{3CEE82E5-C11F-498C-8C45-A3DF453F261E}"
EndProject
Project("{8BC9CEB8-8B4A-11D0-8D11-00A0C91BC942}") = "BOJ_2839_SugerDelivery", "BOJ_SugerDelivery\BOJ_SugerDelivery.vcxproj", "{786FEDE2-EDB8-43D8-A825-BE7BB0AD4988}"
EndProject
Project("{8BC9CEB8-8B4A-11D0-8D11-00A0C91BC942}") = "BOJ_2292_honeycomb", "BOJ_2292_honeycomb\BOJ_2292_honeycomb.vcxproj", "{AB91CDDD-EDAF-423B-9900-4B6D3770A3A2}"
EndProject
Project("{8BC9CEB8-8B4A-11D0-8D11-00A0C91BC942}") = "BOJ_1193_findFraction", "BOJ_1193_findFraction\BOJ_1193_findFraction.vcxproj", "{273122FC-9043-47CF-9736-AFEB8D645B62}"
EndProject
Project("{8BC9CEB8-8B4A-11D0-8D11-00A0C91BC942}") = "BOJ_1011_alpha)centauri", "BOJ_1011_alpha)centauri\BOJ_1011_alpha)centauri.vcxproj", "{F9832BA1-4AA2-4525-93F2-D64AD9F0BBC9}"
EndProject
Project("{8BC9CEB8-8B4A-11D0-8D11-00A0C91BC942}") = "BOJ_2869_SnailWantToClimb", "BOJ_2869_SnailWantToClimb\BOJ_2869_SnailWantToClimb.vcxproj", "{B00DEDFD-68A3-4D89-A2A2-FB52B7AE2B56}"
EndProject
Project("{8BC9CEB8-8B4A-11D0-8D11-00A0C91BC942}") = "BOJ_10250_ACM-Hotel", "BOJ_10250_ACM-Hotel\BOJ_10250_ACM-Hotel.vcxproj", "{FB3A1210-8E2B-475A-A93F-8564FF6D9469}"
EndProject
Project("{8BC9CEB8-8B4A-11D0-8D11-00A0C91BC942}") = "BOJ_2775_buNyeoHoiJang", "BOJ_2775_buNyeoHoiJang\BOJ_2775_buNyeoHoiJang.vcxproj", "{D864AD50-C4C5-40EF-A872-8E7ADCE7B74A}"
EndProject
Project("{8BC9CEB8-8B4A-11D0-8D11-00A0C91BC942}") = "BOJ_6064_IncaCalender", "BOJ_6064_IncaCalender\BOJ_6064_IncaCalender.vcxproj", "{BDB1A3BD-9162-4654-A8B8-A063EC7FDADC}"
EndProject
Project("{2150E333-8FDC-42A3-9474-1A3956D46DE8}") = "Stack", "Stack", "{87C673B4-ECC1-4C73-878F-706A5AADCC56}"
EndProject
Project("{8BC9CEB8-8B4A-11D0-8D11-00A0C91BC942}") = "BOJ_10828_stack", "BOJ_10828_stack\BOJ_10828_stack.vcxproj", "{420DD0B4-5C8B-4078-870B-79E48170AF5B}"
EndProject
Project("{8BC9CEB8-8B4A-11D0-8D11-00A0C91BC942}") = "BOJ_10773_stackZero", "BOJ_10773_stackZero\BOJ_10773_stackZero.vcxproj", "{172AD182-5365-4445-8D54-EA7196739D81}"
EndProject
Project("{8BC9CEB8-8B4A-11D0-8D11-00A0C91BC942}") = "BOJ_9012_brace", "BOJ_9012_brace\BOJ_9012_brace.vcxproj", "{BE2E14B2-64ED-4990-8A8A-9E5D5E404E83}"
EndProject
Project("{8BC9CEB8-8B4A-11D0-8D11-00A0C91BC942}") = "BOJ_4949_balancedWorld", "BOJ_4949_balancedWorld\BOJ_4949_balancedWorld.vcxproj", "{DF50428A-693A-44A1-9415-582015519F83}"
EndProject
Project("{8BC9CEB8-8B4A-11D0-8D11-00A0C91BC942}") = "BOJ_1874_stackSequence", "BOJ_1874_stackSequence\BOJ_1874_stackSequence.vcxproj", "{28179E67-433C-48E6-AA68-05E6559651B1}"
EndProject
Global
	GlobalSection(SolutionConfigurationPlatforms) = preSolution
		Debug|x64 = Debug|x64
		Debug|x86 = Debug|x86
		Release|x64 = Release|x64
		Release|x86 = Release|x86
	EndGlobalSection
	GlobalSection(ProjectConfigurationPlatforms) = postSolution
		{1C2FFB4E-3016-48AA-AB02-9287EBC4F935}.Debug|x64.ActiveCfg = Debug|x64
		{1C2FFB4E-3016-48AA-AB02-9287EBC4F935}.Debug|x64.Build.0 = Debug|x64
		{1C2FFB4E-3016-48AA-AB02-9287EBC4F935}.Debug|x86.ActiveCfg = Debug|Win32
		{1C2FFB4E-3016-48AA-AB02-9287EBC4F935}.Debug|x86.Build.0 = Debug|Win32
		{1C2FFB4E-3016-48AA-AB02-9287EBC4F935}.Release|x64.ActiveCfg = Release|x64
		{1C2FFB4E-3016-48AA-AB02-9287EBC4F935}.Release|x64.Build.0 = Release|x64
		{1C2FFB4E-3016-48AA-AB02-9287EBC4F935}.Release|x86.ActiveCfg = Release|Win32
		{1C2FFB4E-3016-48AA-AB02-9287EBC4F935}.Release|x86.Build.0 = Release|Win32
		{63C7CA5E-6F94-41C6-82BA-BA9C80A3AA79}.Debug|x64.ActiveCfg = Debug|x64
		{63C7CA5E-6F94-41C6-82BA-BA9C80A3AA79}.Debug|x64.Build.0 = Debug|x64
		{63C7CA5E-6F94-41C6-82BA-BA9C80A3AA79}.Debug|x86.ActiveCfg = Debug|Win32
		{63C7CA5E-6F94-41C6-82BA-BA9C80A3AA79}.Debug|x86.Build.0 = Debug|Win32
		{63C7CA5E-6F94-41C6-82BA-BA9C80A3AA79}.Release|x64.ActiveCfg = Release|x64
		{63C7CA5E-6F94-41C6-82BA-BA9C80A3AA79}.Release|x64.Build.0 = Release|x64
		{63C7CA5E-6F94-41C6-82BA-BA9C80A3AA79}.Release|x86.ActiveCfg = Release|Win32
		{63C7CA5E-6F94-41C6-82BA-BA9C80A3AA79}.Release|x86.Build.0 = Release|Win32
		{094AB7B9-3749-469D-8479-B8FFCF9E47BB}.Debug|x64.ActiveCfg = Debug|x64
		{094AB7B9-3749-469D-8479-B8FFCF9E47BB}.Debug|x64.Build.0 = Debug|x64
		{094AB7B9-3749-469D-8479-B8FFCF9E47BB}.Debug|x86.ActiveCfg = Debug|Win32
		{094AB7B9-3749-469D-8479-B8FFCF9E47BB}.Debug|x86.Build.0 = Debug|Win32
		{094AB7B9-3749-469D-8479-B8FFCF9E47BB}.Release|x64.ActiveCfg = Release|x64
		{094AB7B9-3749-469D-8479-B8FFCF9E47BB}.Release|x64.Build.0 = Release|x64
		{094AB7B9-3749-469D-8479-B8FFCF9E47BB}.Release|x86.ActiveCfg = Release|Win32
		{094AB7B9-3749-469D-8479-B8FFCF9E47BB}.Release|x86.Build.0 = Release|Win32
		{F631E783-C2D1-4E2C-8AA7-EA416DC2BB8F}.Debug|x64.ActiveCfg = Debug|x64
		{F631E783-C2D1-4E2C-8AA7-EA416DC2BB8F}.Debug|x64.Build.0 = Debug|x64
		{F631E783-C2D1-4E2C-8AA7-EA416DC2BB8F}.Debug|x86.ActiveCfg = Debug|Win32
		{F631E783-C2D1-4E2C-8AA7-EA416DC2BB8F}.Debug|x86.Build.0 = Debug|Win32
		{F631E783-C2D1-4E2C-8AA7-EA416DC2BB8F}.Release|x64.ActiveCfg = Release|x64
		{F631E783-C2D1-4E2C-8AA7-EA416DC2BB8F}.Release|x64.Build.0 = Release|x64
		{F631E783-C2D1-4E2C-8AA7-EA416DC2BB8F}.Release|x86.ActiveCfg = Release|Win32
		{F631E783-C2D1-4E2C-8AA7-EA416DC2BB8F}.Release|x86.Build.0 = Release|Win32
		{B8923048-CBEA-4C0E-B190-A2A082CA049B}.Debug|x64.ActiveCfg = Debug|x64
		{B8923048-CBEA-4C0E-B190-A2A082CA049B}.Debug|x64.Build.0 = Debug|x64
		{B8923048-CBEA-4C0E-B190-A2A082CA049B}.Debug|x86.ActiveCfg = Debug|Win32
		{B8923048-CBEA-4C0E-B190-A2A082CA049B}.Debug|x86.Build.0 = Debug|Win32
		{B8923048-CBEA-4C0E-B190-A2A082CA049B}.Release|x64.ActiveCfg = Release|x64
		{B8923048-CBEA-4C0E-B190-A2A082CA049B}.Release|x64.Build.0 = Release|x64
		{B8923048-CBEA-4C0E-B190-A2A082CA049B}.Release|x86.ActiveCfg = Release|Win32
		{B8923048-CBEA-4C0E-B190-A2A082CA049B}.Release|x86.Build.0 = Release|Win32
		{24AAD351-DE2C-4869-9A14-EB50C2E8BE01}.Debug|x64.ActiveCfg = Debug|x64
		{24AAD351-DE2C-4869-9A14-EB50C2E8BE01}.Debug|x64.Build.0 = Debug|x64
		{24AAD351-DE2C-4869-9A14-EB50C2E8BE01}.Debug|x86.ActiveCfg = Debug|Win32
		{24AAD351-DE2C-4869-9A14-EB50C2E8BE01}.Debug|x86.Build.0 = Debug|Win32
		{24AAD351-DE2C-4869-9A14-EB50C2E8BE01}.Release|x64.ActiveCfg = Release|x64
		{24AAD351-DE2C-4869-9A14-EB50C2E8BE01}.Release|x64.Build.0 = Release|x64
		{24AAD351-DE2C-4869-9A14-EB50C2E8BE01}.Release|x86.ActiveCfg = Release|Win32
		{24AAD351-DE2C-4869-9A14-EB50C2E8BE01}.Release|x86.Build.0 = Release|Win32
		{8D9F78CB-AA9F-42D7-A988-95AA6641B1E0}.Debug|x64.ActiveCfg = Debug|x64
		{8D9F78CB-AA9F-42D7-A988-95AA6641B1E0}.Debug|x64.Build.0 = Debug|x64
		{8D9F78CB-AA9F-42D7-A988-95AA6641B1E0}.Debug|x86.ActiveCfg = Debug|Win32
		{8D9F78CB-AA9F-42D7-A988-95AA6641B1E0}.Debug|x86.Build.0 = Debug|Win32
		{8D9F78CB-AA9F-42D7-A988-95AA6641B1E0}.Release|x64.ActiveCfg = Release|x64
		{8D9F78CB-AA9F-42D7-A988-95AA6641B1E0}.Release|x64.Build.0 = Release|x64
		{8D9F78CB-AA9F-42D7-A988-95AA6641B1E0}.Release|x86.ActiveCfg = Release|Win32
		{8D9F78CB-AA9F-42D7-A988-95AA6641B1E0}.Release|x86.Build.0 = Release|Win32
		{84C9EEBF-40F4-429C-BDDF-763FA49B95F2}.Debug|x64.ActiveCfg = Debug|x64
		{84C9EEBF-40F4-429C-BDDF-763FA49B95F2}.Debug|x64.Build.0 = Debug|x64
		{84C9EEBF-40F4-429C-BDDF-763FA49B95F2}.Debug|x86.ActiveCfg = Debug|Win32
		{84C9EEBF-40F4-429C-BDDF-763FA49B95F2}.Debug|x86.Build.0 = Debug|Win32
		{84C9EEBF-40F4-429C-BDDF-763FA49B95F2}.Release|x64.ActiveCfg = Release|x64
		{84C9EEBF-40F4-429C-BDDF-763FA49B95F2}.Release|x64.Build.0 = Release|x64
		{84C9EEBF-40F4-429C-BDDF-763FA49B95F2}.Release|x86.ActiveCfg = Release|Win32
		{84C9EEBF-40F4-429C-BDDF-763FA49B95F2}.Release|x86.Build.0 = Release|Win32
		{FA807D22-657D-40AD-8FE6-C2ABA5FF1DE1}.Debug|x64.ActiveCfg = Debug|x64
		{FA807D22-657D-40AD-8FE6-C2ABA5FF1DE1}.Debug|x64.Build.0 = Debug|x64
		{FA807D22-657D-40AD-8FE6-C2ABA5FF1DE1}.Debug|x86.ActiveCfg = Debug|Win32
		{FA807D22-657D-40AD-8FE6-C2ABA5FF1DE1}.Debug|x86.Build.0 = Debug|Win32
		{FA807D22-657D-40AD-8FE6-C2ABA5FF1DE1}.Release|x64.ActiveCfg = Release|x64
		{FA807D22-657D-40AD-8FE6-C2ABA5FF1DE1}.Release|x64.Build.0 = Release|x64
		{FA807D22-657D-40AD-8FE6-C2ABA5FF1DE1}.Release|x86.ActiveCfg = Release|Win32
		{FA807D22-657D-40AD-8FE6-C2ABA5FF1DE1}.Release|x86.Build.0 = Release|Win32
		{E6A119B6-983D-4505-BE36-E0C4D7C90916}.Debug|x64.ActiveCfg = Debug|x64
		{E6A119B6-983D-4505-BE36-E0C4D7C90916}.Debug|x64.Build.0 = Debug|x64
		{E6A119B6-983D-4505-BE36-E0C4D7C90916}.Debug|x86.ActiveCfg = Debug|Win32
		{E6A119B6-983D-4505-BE36-E0C4D7C90916}.Debug|x86.Build.0 = Debug|Win32
		{E6A119B6-983D-4505-BE36-E0C4D7C90916}.Release|x64.ActiveCfg = Release|x64
		{E6A119B6-983D-4505-BE36-E0C4D7C90916}.Release|x64.Build.0 = Release|x64
		{E6A119B6-983D-4505-BE36-E0C4D7C90916}.Release|x86.ActiveCfg = Release|Win32
		{E6A119B6-983D-4505-BE36-E0C4D7C90916}.Release|x86.Build.0 = Release|Win32
		{9C21A728-10DE-4CC7-9961-ACC0C59B95A5}.Debug|x64.ActiveCfg = Debug|x64
		{9C21A728-10DE-4CC7-9961-ACC0C59B95A5}.Debug|x64.Build.0 = Debug|x64
		{9C21A728-10DE-4CC7-9961-ACC0C59B95A5}.Debug|x86.ActiveCfg = Debug|Win32
		{9C21A728-10DE-4CC7-9961-ACC0C59B95A5}.Debug|x86.Build.0 = Debug|Win32
		{9C21A728-10DE-4CC7-9961-ACC0C59B95A5}.Release|x64.ActiveCfg = Release|x64
		{9C21A728-10DE-4CC7-9961-ACC0C59B95A5}.Release|x64.Build.0 = Release|x64
		{9C21A728-10DE-4CC7-9961-ACC0C59B95A5}.Release|x86.ActiveCfg = Release|Win32
		{9C21A728-10DE-4CC7-9961-ACC0C59B95A5}.Release|x86.Build.0 = Release|Win32
		{80534891-ABC1-4B71-BF28-3495A78FED01}.Debug|x64.ActiveCfg = Debug|x64
		{80534891-ABC1-4B71-BF28-3495A78FED01}.Debug|x64.Build.0 = Debug|x64
		{80534891-ABC1-4B71-BF28-3495A78FED01}.Debug|x86.ActiveCfg = Debug|Win32
		{80534891-ABC1-4B71-BF28-3495A78FED01}.Debug|x86.Build.0 = Debug|Win32
		{80534891-ABC1-4B71-BF28-3495A78FED01}.Release|x64.ActiveCfg = Release|x64
		{80534891-ABC1-4B71-BF28-3495A78FED01}.Release|x64.Build.0 = Release|x64
		{80534891-ABC1-4B71-BF28-3495A78FED01}.Release|x86.ActiveCfg = Release|Win32
		{80534891-ABC1-4B71-BF28-3495A78FED01}.Release|x86.Build.0 = Release|Win32
		{AEE8CA08-F7A4-436B-BD71-71651CB5F9EB}.Debug|x64.ActiveCfg = Debug|x64
		{AEE8CA08-F7A4-436B-BD71-71651CB5F9EB}.Debug|x64.Build.0 = Debug|x64
		{AEE8CA08-F7A4-436B-BD71-71651CB5F9EB}.Debug|x86.ActiveCfg = Debug|Win32
		{AEE8CA08-F7A4-436B-BD71-71651CB5F9EB}.Debug|x86.Build.0 = Debug|Win32
		{AEE8CA08-F7A4-436B-BD71-71651CB5F9EB}.Release|x64.ActiveCfg = Release|x64
		{AEE8CA08-F7A4-436B-BD71-71651CB5F9EB}.Release|x64.Build.0 = Release|x64
		{AEE8CA08-F7A4-436B-BD71-71651CB5F9EB}.Release|x86.ActiveCfg = Release|Win32
		{AEE8CA08-F7A4-436B-BD71-71651CB5F9EB}.Release|x86.Build.0 = Release|Win32
		{C8BCFD10-B88F-4850-9FB9-06B1E01686A9}.Debug|x64.ActiveCfg = Debug|x64
		{C8BCFD10-B88F-4850-9FB9-06B1E01686A9}.Debug|x64.Build.0 = Debug|x64
		{C8BCFD10-B88F-4850-9FB9-06B1E01686A9}.Debug|x86.ActiveCfg = Debug|Win32
		{C8BCFD10-B88F-4850-9FB9-06B1E01686A9}.Debug|x86.Build.0 = Debug|Win32
		{C8BCFD10-B88F-4850-9FB9-06B1E01686A9}.Release|x64.ActiveCfg = Release|x64
		{C8BCFD10-B88F-4850-9FB9-06B1E01686A9}.Release|x64.Build.0 = Release|x64
		{C8BCFD10-B88F-4850-9FB9-06B1E01686A9}.Release|x86.ActiveCfg = Release|Win32
		{C8BCFD10-B88F-4850-9FB9-06B1E01686A9}.Release|x86.Build.0 = Release|Win32
		{4C1BAF67-6902-4471-A1AF-F234F2DFFDBC}.Debug|x64.ActiveCfg = Debug|x64
		{4C1BAF67-6902-4471-A1AF-F234F2DFFDBC}.Debug|x64.Build.0 = Debug|x64
		{4C1BAF67-6902-4471-A1AF-F234F2DFFDBC}.Debug|x86.ActiveCfg = Debug|Win32
		{4C1BAF67-6902-4471-A1AF-F234F2DFFDBC}.Debug|x86.Build.0 = Debug|Win32
		{4C1BAF67-6902-4471-A1AF-F234F2DFFDBC}.Release|x64.ActiveCfg = Release|x64
		{4C1BAF67-6902-4471-A1AF-F234F2DFFDBC}.Release|x64.Build.0 = Release|x64
		{4C1BAF67-6902-4471-A1AF-F234F2DFFDBC}.Release|x86.ActiveCfg = Release|Win32
		{4C1BAF67-6902-4471-A1AF-F234F2DFFDBC}.Release|x86.Build.0 = Release|Win32
		{4B56B2E7-0C92-4F48-8926-E1A538FC8054}.Debug|x64.ActiveCfg = Debug|x64
		{4B56B2E7-0C92-4F48-8926-E1A538FC8054}.Debug|x64.Build.0 = Debug|x64
		{4B56B2E7-0C92-4F48-8926-E1A538FC8054}.Debug|x86.ActiveCfg = Debug|Win32
		{4B56B2E7-0C92-4F48-8926-E1A538FC8054}.Debug|x86.Build.0 = Debug|Win32
		{4B56B2E7-0C92-4F48-8926-E1A538FC8054}.Release|x64.ActiveCfg = Release|x64
		{4B56B2E7-0C92-4F48-8926-E1A538FC8054}.Release|x64.Build.0 = Release|x64
		{4B56B2E7-0C92-4F48-8926-E1A538FC8054}.Release|x86.ActiveCfg = Release|Win32
		{4B56B2E7-0C92-4F48-8926-E1A538FC8054}.Release|x86.Build.0 = Release|Win32
		{B771781C-F15E-4EFB-82FD-92920EEACA15}.Debug|x64.ActiveCfg = Debug|x64
		{B771781C-F15E-4EFB-82FD-92920EEACA15}.Debug|x64.Build.0 = Debug|x64
		{B771781C-F15E-4EFB-82FD-92920EEACA15}.Debug|x86.ActiveCfg = Debug|Win32
		{B771781C-F15E-4EFB-82FD-92920EEACA15}.Debug|x86.Build.0 = Debug|Win32
		{B771781C-F15E-4EFB-82FD-92920EEACA15}.Release|x64.ActiveCfg = Release|x64
		{B771781C-F15E-4EFB-82FD-92920EEACA15}.Release|x64.Build.0 = Release|x64
		{B771781C-F15E-4EFB-82FD-92920EEACA15}.Release|x86.ActiveCfg = Release|Win32
		{B771781C-F15E-4EFB-82FD-92920EEACA15}.Release|x86.Build.0 = Release|Win32
		{C09398E2-0305-414F-8864-655FEB1A3A8B}.Debug|x64.ActiveCfg = Debug|x64
		{C09398E2-0305-414F-8864-655FEB1A3A8B}.Debug|x64.Build.0 = Debug|x64
		{C09398E2-0305-414F-8864-655FEB1A3A8B}.Debug|x86.ActiveCfg = Debug|Win32
		{C09398E2-0305-414F-8864-655FEB1A3A8B}.Debug|x86.Build.0 = Debug|Win32
		{C09398E2-0305-414F-8864-655FEB1A3A8B}.Release|x64.ActiveCfg = Release|x64
		{C09398E2-0305-414F-8864-655FEB1A3A8B}.Release|x64.Build.0 = Release|x64
		{C09398E2-0305-414F-8864-655FEB1A3A8B}.Release|x86.ActiveCfg = Release|Win32
		{C09398E2-0305-414F-8864-655FEB1A3A8B}.Release|x86.Build.0 = Release|Win32
		{B11ACC61-61AF-4584-94F4-7D3F4FFCA664}.Debug|x64.ActiveCfg = Debug|x64
		{B11ACC61-61AF-4584-94F4-7D3F4FFCA664}.Debug|x64.Build.0 = Debug|x64
		{B11ACC61-61AF-4584-94F4-7D3F4FFCA664}.Debug|x86.ActiveCfg = Debug|Win32
		{B11ACC61-61AF-4584-94F4-7D3F4FFCA664}.Debug|x86.Build.0 = Debug|Win32
		{B11ACC61-61AF-4584-94F4-7D3F4FFCA664}.Release|x64.ActiveCfg = Release|x64
		{B11ACC61-61AF-4584-94F4-7D3F4FFCA664}.Release|x64.Build.0 = Release|x64
		{B11ACC61-61AF-4584-94F4-7D3F4FFCA664}.Release|x86.ActiveCfg = Release|Win32
		{B11ACC61-61AF-4584-94F4-7D3F4FFCA664}.Release|x86.Build.0 = Release|Win32
		{1030984D-630C-4E15-83B9-CB287788CB15}.Debug|x64.ActiveCfg = Debug|x64
		{1030984D-630C-4E15-83B9-CB287788CB15}.Debug|x64.Build.0 = Debug|x64
		{1030984D-630C-4E15-83B9-CB287788CB15}.Debug|x86.ActiveCfg = Debug|Win32
		{1030984D-630C-4E15-83B9-CB287788CB15}.Debug|x86.Build.0 = Debug|Win32
		{1030984D-630C-4E15-83B9-CB287788CB15}.Release|x64.ActiveCfg = Release|x64
		{1030984D-630C-4E15-83B9-CB287788CB15}.Release|x64.Build.0 = Release|x64
		{1030984D-630C-4E15-83B9-CB287788CB15}.Release|x86.ActiveCfg = Release|Win32
		{1030984D-630C-4E15-83B9-CB287788CB15}.Release|x86.Build.0 = Release|Win32
		{9EA4802B-6DA6-4A1A-84FC-C5DDF167B313}.Debug|x64.ActiveCfg = Debug|x64
		{9EA4802B-6DA6-4A1A-84FC-C5DDF167B313}.Debug|x64.Build.0 = Debug|x64
		{9EA4802B-6DA6-4A1A-84FC-C5DDF167B313}.Debug|x86.ActiveCfg = Debug|Win32
		{9EA4802B-6DA6-4A1A-84FC-C5DDF167B313}.Debug|x86.Build.0 = Debug|Win32
		{9EA4802B-6DA6-4A1A-84FC-C5DDF167B313}.Release|x64.ActiveCfg = Release|x64
		{9EA4802B-6DA6-4A1A-84FC-C5DDF167B313}.Release|x64.Build.0 = Release|x64
		{9EA4802B-6DA6-4A1A-84FC-C5DDF167B313}.Release|x86.ActiveCfg = Release|Win32
		{9EA4802B-6DA6-4A1A-84FC-C5DDF167B313}.Release|x86.Build.0 = Release|Win32
		{14EEC128-9E2E-44B2-8414-A6D3D6FE89E3}.Debug|x64.ActiveCfg = Debug|x64
		{14EEC128-9E2E-44B2-8414-A6D3D6FE89E3}.Debug|x64.Build.0 = Debug|x64
		{14EEC128-9E2E-44B2-8414-A6D3D6FE89E3}.Debug|x86.ActiveCfg = Debug|Win32
		{14EEC128-9E2E-44B2-8414-A6D3D6FE89E3}.Debug|x86.Build.0 = Debug|Win32
		{14EEC128-9E2E-44B2-8414-A6D3D6FE89E3}.Release|x64.ActiveCfg = Release|x64
		{14EEC128-9E2E-44B2-8414-A6D3D6FE89E3}.Release|x64.Build.0 = Release|x64
		{14EEC128-9E2E-44B2-8414-A6D3D6FE89E3}.Release|x86.ActiveCfg = Release|Win32
		{14EEC128-9E2E-44B2-8414-A6D3D6FE89E3}.Release|x86.Build.0 = Release|Win32
		{481FBC1A-FE1A-4A96-BB5B-5EC974C1D80C}.Debug|x64.ActiveCfg = Debug|x64
		{481FBC1A-FE1A-4A96-BB5B-5EC974C1D80C}.Debug|x64.Build.0 = Debug|x64
		{481FBC1A-FE1A-4A96-BB5B-5EC974C1D80C}.Debug|x86.ActiveCfg = Debug|Win32
		{481FBC1A-FE1A-4A96-BB5B-5EC974C1D80C}.Debug|x86.Build.0 = Debug|Win32
		{481FBC1A-FE1A-4A96-BB5B-5EC974C1D80C}.Release|x64.ActiveCfg = Release|x64
		{481FBC1A-FE1A-4A96-BB5B-5EC974C1D80C}.Release|x64.Build.0 = Release|x64
		{481FBC1A-FE1A-4A96-BB5B-5EC974C1D80C}.Release|x86.ActiveCfg = Release|Win32
		{481FBC1A-FE1A-4A96-BB5B-5EC974C1D80C}.Release|x86.Build.0 = Release|Win32
		{2773F85E-00CE-4EDB-B541-CC4B03C0E3B8}.Debug|x64.ActiveCfg = Debug|x64
		{2773F85E-00CE-4EDB-B541-CC4B03C0E3B8}.Debug|x64.Build.0 = Debug|x64
		{2773F85E-00CE-4EDB-B541-CC4B03C0E3B8}.Debug|x86.ActiveCfg = Debug|Win32
		{2773F85E-00CE-4EDB-B541-CC4B03C0E3B8}.Debug|x86.Build.0 = Debug|Win32
		{2773F85E-00CE-4EDB-B541-CC4B03C0E3B8}.Release|x64.ActiveCfg = Release|x64
		{2773F85E-00CE-4EDB-B541-CC4B03C0E3B8}.Release|x64.Build.0 = Release|x64
		{2773F85E-00CE-4EDB-B541-CC4B03C0E3B8}.Release|x86.ActiveCfg = Release|Win32
		{2773F85E-00CE-4EDB-B541-CC4B03C0E3B8}.Release|x86.Build.0 = Release|Win32
		{F74F877C-DEFA-469D-A1C6-251AF67E71EA}.Debug|x64.ActiveCfg = Debug|x64
		{F74F877C-DEFA-469D-A1C6-251AF67E71EA}.Debug|x64.Build.0 = Debug|x64
		{F74F877C-DEFA-469D-A1C6-251AF67E71EA}.Debug|x86.ActiveCfg = Debug|Win32
		{F74F877C-DEFA-469D-A1C6-251AF67E71EA}.Debug|x86.Build.0 = Debug|Win32
		{F74F877C-DEFA-469D-A1C6-251AF67E71EA}.Release|x64.ActiveCfg = Release|x64
		{F74F877C-DEFA-469D-A1C6-251AF67E71EA}.Release|x64.Build.0 = Release|x64
		{F74F877C-DEFA-469D-A1C6-251AF67E71EA}.Release|x86.ActiveCfg = Release|Win32
		{F74F877C-DEFA-469D-A1C6-251AF67E71EA}.Release|x86.Build.0 = Release|Win32
		{6DD1EA7D-19CE-4127-80EE-6832A6DCFD20}.Debug|x64.ActiveCfg = Debug|x64
		{6DD1EA7D-19CE-4127-80EE-6832A6DCFD20}.Debug|x64.Build.0 = Debug|x64
		{6DD1EA7D-19CE-4127-80EE-6832A6DCFD20}.Debug|x86.ActiveCfg = Debug|Win32
		{6DD1EA7D-19CE-4127-80EE-6832A6DCFD20}.Debug|x86.Build.0 = Debug|Win32
		{6DD1EA7D-19CE-4127-80EE-6832A6DCFD20}.Release|x64.ActiveCfg = Release|x64
		{6DD1EA7D-19CE-4127-80EE-6832A6DCFD20}.Release|x64.Build.0 = Release|x64
		{6DD1EA7D-19CE-4127-80EE-6832A6DCFD20}.Release|x86.ActiveCfg = Release|Win32
		{6DD1EA7D-19CE-4127-80EE-6832A6DCFD20}.Release|x86.Build.0 = Release|Win32
		{AA4946E1-3C08-4A63-BD4F-78A951551938}.Debug|x64.ActiveCfg = Debug|x64
		{AA4946E1-3C08-4A63-BD4F-78A951551938}.Debug|x64.Build.0 = Debug|x64
		{AA4946E1-3C08-4A63-BD4F-78A951551938}.Debug|x86.ActiveCfg = Debug|Win32
		{AA4946E1-3C08-4A63-BD4F-78A951551938}.Debug|x86.Build.0 = Debug|Win32
		{AA4946E1-3C08-4A63-BD4F-78A951551938}.Release|x64.ActiveCfg = Release|x64
		{AA4946E1-3C08-4A63-BD4F-78A951551938}.Release|x64.Build.0 = Release|x64
		{AA4946E1-3C08-4A63-BD4F-78A951551938}.Release|x86.ActiveCfg = Release|Win32
		{AA4946E1-3C08-4A63-BD4F-78A951551938}.Release|x86.Build.0 = Release|Win32
		{38AC1B57-586D-4737-9AAD-D6556DFCBF62}.Debug|x64.ActiveCfg = Debug|x64
		{38AC1B57-586D-4737-9AAD-D6556DFCBF62}.Debug|x64.Build.0 = Debug|x64
		{38AC1B57-586D-4737-9AAD-D6556DFCBF62}.Debug|x86.ActiveCfg = Debug|Win32
		{38AC1B57-586D-4737-9AAD-D6556DFCBF62}.Debug|x86.Build.0 = Debug|Win32
		{38AC1B57-586D-4737-9AAD-D6556DFCBF62}.Release|x64.ActiveCfg = Release|x64
		{38AC1B57-586D-4737-9AAD-D6556DFCBF62}.Release|x64.Build.0 = Release|x64
		{38AC1B57-586D-4737-9AAD-D6556DFCBF62}.Release|x86.ActiveCfg = Release|Win32
		{38AC1B57-586D-4737-9AAD-D6556DFCBF62}.Release|x86.Build.0 = Release|Win32
		{58650249-F936-4178-88CD-EFC5C43DF794}.Debug|x64.ActiveCfg = Debug|x64
		{58650249-F936-4178-88CD-EFC5C43DF794}.Debug|x64.Build.0 = Debug|x64
		{58650249-F936-4178-88CD-EFC5C43DF794}.Debug|x86.ActiveCfg = Debug|Win32
		{58650249-F936-4178-88CD-EFC5C43DF794}.Debug|x86.Build.0 = Debug|Win32
		{58650249-F936-4178-88CD-EFC5C43DF794}.Release|x64.ActiveCfg = Release|x64
		{58650249-F936-4178-88CD-EFC5C43DF794}.Release|x64.Build.0 = Release|x64
		{58650249-F936-4178-88CD-EFC5C43DF794}.Release|x86.ActiveCfg = Release|Win32
		{58650249-F936-4178-88CD-EFC5C43DF794}.Release|x86.Build.0 = Release|Win32
		{56C447B6-EE7D-40FC-926B-D882BAE5FD31}.Debug|x64.ActiveCfg = Debug|x64
		{56C447B6-EE7D-40FC-926B-D882BAE5FD31}.Debug|x64.Build.0 = Debug|x64
		{56C447B6-EE7D-40FC-926B-D882BAE5FD31}.Debug|x86.ActiveCfg = Debug|Win32
		{56C447B6-EE7D-40FC-926B-D882BAE5FD31}.Debug|x86.Build.0 = Debug|Win32
		{56C447B6-EE7D-40FC-926B-D882BAE5FD31}.Release|x64.ActiveCfg = Release|x64
		{56C447B6-EE7D-40FC-926B-D882BAE5FD31}.Release|x64.Build.0 = Release|x64
		{56C447B6-EE7D-40FC-926B-D882BAE5FD31}.Release|x86.ActiveCfg = Release|Win32
		{56C447B6-EE7D-40FC-926B-D882BAE5FD31}.Release|x86.Build.0 = Release|Win32
		{03495244-37ED-457E-AEE9-F9599CC17DCD}.Debug|x64.ActiveCfg = Debug|x64
		{03495244-37ED-457E-AEE9-F9599CC17DCD}.Debug|x64.Build.0 = Debug|x64
		{03495244-37ED-457E-AEE9-F9599CC17DCD}.Debug|x86.ActiveCfg = Debug|Win32
		{03495244-37ED-457E-AEE9-F9599CC17DCD}.Debug|x86.Build.0 = Debug|Win32
		{03495244-37ED-457E-AEE9-F9599CC17DCD}.Release|x64.ActiveCfg = Release|x64
		{03495244-37ED-457E-AEE9-F9599CC17DCD}.Release|x64.Build.0 = Release|x64
		{03495244-37ED-457E-AEE9-F9599CC17DCD}.Release|x86.ActiveCfg = Release|Win32
		{03495244-37ED-457E-AEE9-F9599CC17DCD}.Release|x86.Build.0 = Release|Win32
		{9F59392B-B3DD-459A-8F16-B86A394F7825}.Debug|x64.ActiveCfg = Debug|x64
		{9F59392B-B3DD-459A-8F16-B86A394F7825}.Debug|x64.Build.0 = Debug|x64
		{9F59392B-B3DD-459A-8F16-B86A394F7825}.Debug|x86.ActiveCfg = Debug|Win32
		{9F59392B-B3DD-459A-8F16-B86A394F7825}.Debug|x86.Build.0 = Debug|Win32
		{9F59392B-B3DD-459A-8F16-B86A394F7825}.Release|x64.ActiveCfg = Release|x64
		{9F59392B-B3DD-459A-8F16-B86A394F7825}.Release|x64.Build.0 = Release|x64
		{9F59392B-B3DD-459A-8F16-B86A394F7825}.Release|x86.ActiveCfg = Release|Win32
		{9F59392B-B3DD-459A-8F16-B86A394F7825}.Release|x86.Build.0 = Release|Win32
		{3073A6E6-77DD-4F48-90B5-134937D39E34}.Debug|x64.ActiveCfg = Debug|x64
		{3073A6E6-77DD-4F48-90B5-134937D39E34}.Debug|x64.Build.0 = Debug|x64
		{3073A6E6-77DD-4F48-90B5-134937D39E34}.Debug|x86.ActiveCfg = Debug|Win32
		{3073A6E6-77DD-4F48-90B5-134937D39E34}.Debug|x86.Build.0 = Debug|Win32
		{3073A6E6-77DD-4F48-90B5-134937D39E34}.Release|x64.ActiveCfg = Release|x64
		{3073A6E6-77DD-4F48-90B5-134937D39E34}.Release|x64.Build.0 = Release|x64
		{3073A6E6-77DD-4F48-90B5-134937D39E34}.Release|x86.ActiveCfg = Release|Win32
		{3073A6E6-77DD-4F48-90B5-134937D39E34}.Release|x86.Build.0 = Release|Win32
		{BF32ABD2-BD25-4755-9ED6-8BEFB6D3F323}.Debug|x64.ActiveCfg = Debug|x64
		{BF32ABD2-BD25-4755-9ED6-8BEFB6D3F323}.Debug|x64.Build.0 = Debug|x64
		{BF32ABD2-BD25-4755-9ED6-8BEFB6D3F323}.Debug|x86.ActiveCfg = Debug|Win32
		{BF32ABD2-BD25-4755-9ED6-8BEFB6D3F323}.Debug|x86.Build.0 = Debug|Win32
		{BF32ABD2-BD25-4755-9ED6-8BEFB6D3F323}.Release|x64.ActiveCfg = Release|x64
		{BF32ABD2-BD25-4755-9ED6-8BEFB6D3F323}.Release|x64.Build.0 = Release|x64
		{BF32ABD2-BD25-4755-9ED6-8BEFB6D3F323}.Release|x86.ActiveCfg = Release|Win32
		{BF32ABD2-BD25-4755-9ED6-8BEFB6D3F323}.Release|x86.Build.0 = Release|Win32
		{60C700D8-DE4C-4F77-A406-2728A75271FE}.Debug|x64.ActiveCfg = Debug|x64
		{60C700D8-DE4C-4F77-A406-2728A75271FE}.Debug|x64.Build.0 = Debug|x64
		{60C700D8-DE4C-4F77-A406-2728A75271FE}.Debug|x86.ActiveCfg = Debug|Win32
		{60C700D8-DE4C-4F77-A406-2728A75271FE}.Debug|x86.Build.0 = Debug|Win32
		{60C700D8-DE4C-4F77-A406-2728A75271FE}.Release|x64.ActiveCfg = Release|x64
		{60C700D8-DE4C-4F77-A406-2728A75271FE}.Release|x64.Build.0 = Release|x64
		{60C700D8-DE4C-4F77-A406-2728A75271FE}.Release|x86.ActiveCfg = Release|Win32
		{60C700D8-DE4C-4F77-A406-2728A75271FE}.Release|x86.Build.0 = Release|Win32
		{3CEE82E5-C11F-498C-8C45-A3DF453F261E}.Debug|x64.ActiveCfg = Debug|x64
		{3CEE82E5-C11F-498C-8C45-A3DF453F261E}.Debug|x64.Build.0 = Debug|x64
		{3CEE82E5-C11F-498C-8C45-A3DF453F261E}.Debug|x86.ActiveCfg = Debug|Win32
		{3CEE82E5-C11F-498C-8C45-A3DF453F261E}.Debug|x86.Build.0 = Debug|Win32
		{3CEE82E5-C11F-498C-8C45-A3DF453F261E}.Release|x64.ActiveCfg = Release|x64
		{3CEE82E5-C11F-498C-8C45-A3DF453F261E}.Release|x64.Build.0 = Release|x64
		{3CEE82E5-C11F-498C-8C45-A3DF453F261E}.Release|x86.ActiveCfg = Release|Win32
		{3CEE82E5-C11F-498C-8C45-A3DF453F261E}.Release|x86.Build.0 = Release|Win32
		{786FEDE2-EDB8-43D8-A825-BE7BB0AD4988}.Debug|x64.ActiveCfg = Debug|x64
		{786FEDE2-EDB8-43D8-A825-BE7BB0AD4988}.Debug|x64.Build.0 = Debug|x64
		{786FEDE2-EDB8-43D8-A825-BE7BB0AD4988}.Debug|x86.ActiveCfg = Debug|Win32
		{786FEDE2-EDB8-43D8-A825-BE7BB0AD4988}.Debug|x86.Build.0 = Debug|Win32
		{786FEDE2-EDB8-43D8-A825-BE7BB0AD4988}.Release|x64.ActiveCfg = Release|x64
		{786FEDE2-EDB8-43D8-A825-BE7BB0AD4988}.Release|x64.Build.0 = Release|x64
		{786FEDE2-EDB8-43D8-A825-BE7BB0AD4988}.Release|x86.ActiveCfg = Release|Win32
		{786FEDE2-EDB8-43D8-A825-BE7BB0AD4988}.Release|x86.Build.0 = Release|Win32
		{AB91CDDD-EDAF-423B-9900-4B6D3770A3A2}.Debug|x64.ActiveCfg = Debug|x64
		{AB91CDDD-EDAF-423B-9900-4B6D3770A3A2}.Debug|x64.Build.0 = Debug|x64
		{AB91CDDD-EDAF-423B-9900-4B6D3770A3A2}.Debug|x86.ActiveCfg = Debug|Win32
		{AB91CDDD-EDAF-423B-9900-4B6D3770A3A2}.Debug|x86.Build.0 = Debug|Win32
		{AB91CDDD-EDAF-423B-9900-4B6D3770A3A2}.Release|x64.ActiveCfg = Release|x64
		{AB91CDDD-EDAF-423B-9900-4B6D3770A3A2}.Release|x64.Build.0 = Release|x64
		{AB91CDDD-EDAF-423B-9900-4B6D3770A3A2}.Release|x86.ActiveCfg = Release|Win32
		{AB91CDDD-EDAF-423B-9900-4B6D3770A3A2}.Release|x86.Build.0 = Release|Win32
		{273122FC-9043-47CF-9736-AFEB8D645B62}.Debug|x64.ActiveCfg = Debug|x64
		{273122FC-9043-47CF-9736-AFEB8D645B62}.Debug|x64.Build.0 = Debug|x64
		{273122FC-9043-47CF-9736-AFEB8D645B62}.Debug|x86.ActiveCfg = Debug|Win32
		{273122FC-9043-47CF-9736-AFEB8D645B62}.Debug|x86.Build.0 = Debug|Win32
		{273122FC-9043-47CF-9736-AFEB8D645B62}.Release|x64.ActiveCfg = Release|x64
		{273122FC-9043-47CF-9736-AFEB8D645B62}.Release|x64.Build.0 = Release|x64
		{273122FC-9043-47CF-9736-AFEB8D645B62}.Release|x86.ActiveCfg = Release|Win32
		{273122FC-9043-47CF-9736-AFEB8D645B62}.Release|x86.Build.0 = Release|Win32
		{F9832BA1-4AA2-4525-93F2-D64AD9F0BBC9}.Debug|x64.ActiveCfg = Debug|x64
		{F9832BA1-4AA2-4525-93F2-D64AD9F0BBC9}.Debug|x64.Build.0 = Debug|x64
		{F9832BA1-4AA2-4525-93F2-D64AD9F0BBC9}.Debug|x86.ActiveCfg = Debug|Win32
		{F9832BA1-4AA2-4525-93F2-D64AD9F0BBC9}.Debug|x86.Build.0 = Debug|Win32
		{F9832BA1-4AA2-4525-93F2-D64AD9F0BBC9}.Release|x64.ActiveCfg = Release|x64
		{F9832BA1-4AA2-4525-93F2-D64AD9F0BBC9}.Release|x64.Build.0 = Release|x64
		{F9832BA1-4AA2-4525-93F2-D64AD9F0BBC9}.Release|x86.ActiveCfg = Release|Win32
		{F9832BA1-4AA2-4525-93F2-D64AD9F0BBC9}.Release|x86.Build.0 = Release|Win32
		{B00DEDFD-68A3-4D89-A2A2-FB52B7AE2B56}.Debug|x64.ActiveCfg = Debug|x64
		{B00DEDFD-68A3-4D89-A2A2-FB52B7AE2B56}.Debug|x64.Build.0 = Debug|x64
		{B00DEDFD-68A3-4D89-A2A2-FB52B7AE2B56}.Debug|x86.ActiveCfg = Debug|Win32
		{B00DEDFD-68A3-4D89-A2A2-FB52B7AE2B56}.Debug|x86.Build.0 = Debug|Win32
		{B00DEDFD-68A3-4D89-A2A2-FB52B7AE2B56}.Release|x64.ActiveCfg = Release|x64
		{B00DEDFD-68A3-4D89-A2A2-FB52B7AE2B56}.Release|x64.Build.0 = Release|x64
		{B00DEDFD-68A3-4D89-A2A2-FB52B7AE2B56}.Release|x86.ActiveCfg = Release|Win32
		{B00DEDFD-68A3-4D89-A2A2-FB52B7AE2B56}.Release|x86.Build.0 = Release|Win32
		{FB3A1210-8E2B-475A-A93F-8564FF6D9469}.Debug|x64.ActiveCfg = Debug|x64
		{FB3A1210-8E2B-475A-A93F-8564FF6D9469}.Debug|x64.Build.0 = Debug|x64
		{FB3A1210-8E2B-475A-A93F-8564FF6D9469}.Debug|x86.ActiveCfg = Debug|Win32
		{FB3A1210-8E2B-475A-A93F-8564FF6D9469}.Debug|x86.Build.0 = Debug|Win32
		{FB3A1210-8E2B-475A-A93F-8564FF6D9469}.Release|x64.ActiveCfg = Release|x64
		{FB3A1210-8E2B-475A-A93F-8564FF6D9469}.Release|x64.Build.0 = Release|x64
		{FB3A1210-8E2B-475A-A93F-8564FF6D9469}.Release|x86.ActiveCfg = Release|Win32
		{FB3A1210-8E2B-475A-A93F-8564FF6D9469}.Release|x86.Build.0 = Release|Win32
		{D864AD50-C4C5-40EF-A872-8E7ADCE7B74A}.Debug|x64.ActiveCfg = Debug|x64
		{D864AD50-C4C5-40EF-A872-8E7ADCE7B74A}.Debug|x64.Build.0 = Debug|x64
		{D864AD50-C4C5-40EF-A872-8E7ADCE7B74A}.Debug|x86.ActiveCfg = Debug|Win32
		{D864AD50-C4C5-40EF-A872-8E7ADCE7B74A}.Debug|x86.Build.0 = Debug|Win32
		{D864AD50-C4C5-40EF-A872-8E7ADCE7B74A}.Release|x64.ActiveCfg = Release|x64
		{D864AD50-C4C5-40EF-A872-8E7ADCE7B74A}.Release|x64.Build.0 = Release|x64
		{D864AD50-C4C5-40EF-A872-8E7ADCE7B74A}.Release|x86.ActiveCfg = Release|Win32
		{D864AD50-C4C5-40EF-A872-8E7ADCE7B74A}.Release|x86.Build.0 = Release|Win32
		{BDB1A3BD-9162-4654-A8B8-A063EC7FDADC}.Debug|x64.ActiveCfg = Debug|x64
		{BDB1A3BD-9162-4654-A8B8-A063EC7FDADC}.Debug|x64.Build.0 = Debug|x64
		{BDB1A3BD-9162-4654-A8B8-A063EC7FDADC}.Debug|x86.ActiveCfg = Debug|Win32
		{BDB1A3BD-9162-4654-A8B8-A063EC7FDADC}.Debug|x86.Build.0 = Debug|Win32
		{BDB1A3BD-9162-4654-A8B8-A063EC7FDADC}.Release|x64.ActiveCfg = Release|x64
		{BDB1A3BD-9162-4654-A8B8-A063EC7FDADC}.Release|x64.Build.0 = Release|x64
		{BDB1A3BD-9162-4654-A8B8-A063EC7FDADC}.Release|x86.ActiveCfg = Release|Win32
		{BDB1A3BD-9162-4654-A8B8-A063EC7FDADC}.Release|x86.Build.0 = Release|Win32
		{420DD0B4-5C8B-4078-870B-79E48170AF5B}.Debug|x64.ActiveCfg = Debug|x64
		{420DD0B4-5C8B-4078-870B-79E48170AF5B}.Debug|x64.Build.0 = Debug|x64
		{420DD0B4-5C8B-4078-870B-79E48170AF5B}.Debug|x86.ActiveCfg = Debug|Win32
		{420DD0B4-5C8B-4078-870B-79E48170AF5B}.Debug|x86.Build.0 = Debug|Win32
		{420DD0B4-5C8B-4078-870B-79E48170AF5B}.Release|x64.ActiveCfg = Release|x64
		{420DD0B4-5C8B-4078-870B-79E48170AF5B}.Release|x64.Build.0 = Release|x64
		{420DD0B4-5C8B-4078-870B-79E48170AF5B}.Release|x86.ActiveCfg = Release|Win32
		{420DD0B4-5C8B-4078-870B-79E48170AF5B}.Release|x86.Build.0 = Release|Win32
		{172AD182-5365-4445-8D54-EA7196739D81}.Debug|x64.ActiveCfg = Debug|x64
		{172AD182-5365-4445-8D54-EA7196739D81}.Debug|x64.Build.0 = Debug|x64
		{172AD182-5365-4445-8D54-EA7196739D81}.Debug|x86.ActiveCfg = Debug|Win32
		{172AD182-5365-4445-8D54-EA7196739D81}.Debug|x86.Build.0 = Debug|Win32
		{172AD182-5365-4445-8D54-EA7196739D81}.Release|x64.ActiveCfg = Release|x64
		{172AD182-5365-4445-8D54-EA7196739D81}.Release|x64.Build.0 = Release|x64
		{172AD182-5365-4445-8D54-EA7196739D81}.Release|x86.ActiveCfg = Release|Win32
		{172AD182-5365-4445-8D54-EA7196739D81}.Release|x86.Build.0 = Release|Win32
		{BE2E14B2-64ED-4990-8A8A-9E5D5E404E83}.Debug|x64.ActiveCfg = Debug|x64
		{BE2E14B2-64ED-4990-8A8A-9E5D5E404E83}.Debug|x64.Build.0 = Debug|x64
		{BE2E14B2-64ED-4990-8A8A-9E5D5E404E83}.Debug|x86.ActiveCfg = Debug|Win32
		{BE2E14B2-64ED-4990-8A8A-9E5D5E404E83}.Debug|x86.Build.0 = Debug|Win32
		{BE2E14B2-64ED-4990-8A8A-9E5D5E404E83}.Release|x64.ActiveCfg = Release|x64
		{BE2E14B2-64ED-4990-8A8A-9E5D5E404E83}.Release|x64.Build.0 = Release|x64
		{BE2E14B2-64ED-4990-8A8A-9E5D5E404E83}.Release|x86.ActiveCfg = Release|Win32
		{BE2E14B2-64ED-4990-8A8A-9E5D5E404E83}.Release|x86.Build.0 = Release|Win32
		{DF50428A-693A-44A1-9415-582015519F83}.Debug|x64.ActiveCfg = Debug|x64
		{DF50428A-693A-44A1-9415-582015519F83}.Debug|x64.Build.0 = Debug|x64
		{DF50428A-693A-44A1-9415-582015519F83}.Debug|x86.ActiveCfg = Debug|Win32
		{DF50428A-693A-44A1-9415-582015519F83}.Debug|x86.Build.0 = Debug|Win32
		{DF50428A-693A-44A1-9415-582015519F83}.Release|x64.ActiveCfg = Release|x64
		{DF50428A-693A-44A1-9415-582015519F83}.Release|x64.Build.0 = Release|x64
		{DF50428A-693A-44A1-9415-582015519F83}.Release|x86.ActiveCfg = Release|Win32
		{DF50428A-693A-44A1-9415-582015519F83}.Release|x86.Build.0 = Release|Win32
		{28179E67-433C-48E6-AA68-05E6559651B1}.Debug|x64.ActiveCfg = Debug|x64
		{28179E67-433C-48E6-AA68-05E6559651B1}.Debug|x64.Build.0 = Debug|x64
		{28179E67-433C-48E6-AA68-05E6559651B1}.Debug|x86.ActiveCfg = Debug|Win32
		{28179E67-433C-48E6-AA68-05E6559651B1}.Debug|x86.Build.0 = Debug|Win32
		{28179E67-433C-48E6-AA68-05E6559651B1}.Release|x64.ActiveCfg = Release|x64
		{28179E67-433C-48E6-AA68-05E6559651B1}.Release|x64.Build.0 = Release|x64
		{28179E67-433C-48E6-AA68-05E6559651B1}.Release|x86.ActiveCfg = Release|Win32
		{28179E67-433C-48E6-AA68-05E6559651B1}.Release|x86.Build.0 = Release|Win32
	EndGlobalSection
	GlobalSection(SolutionProperties) = preSolution
		HideSolutionNode = FALSE
	EndGlobalSection
	GlobalSection(NestedProjects) = preSolution
		{1C2FFB4E-3016-48AA-AB02-9287EBC4F935} = {E7259500-38D4-419D-8930-3A56381D8FDE}
		{63C7CA5E-6F94-41C6-82BA-BA9C80A3AA79} = {E7259500-38D4-419D-8930-3A56381D8FDE}
		{094AB7B9-3749-469D-8479-B8FFCF9E47BB} = {E7259500-38D4-419D-8930-3A56381D8FDE}
		{F631E783-C2D1-4E2C-8AA7-EA416DC2BB8F} = {E7259500-38D4-419D-8930-3A56381D8FDE}
		{B8923048-CBEA-4C0E-B190-A2A082CA049B} = {E7259500-38D4-419D-8930-3A56381D8FDE}
		{24AAD351-DE2C-4869-9A14-EB50C2E8BE01} = {465299BD-827C-4FE8-8EB7-C3E68E3A72E2}
		{8D9F78CB-AA9F-42D7-A988-95AA6641B1E0} = {465299BD-827C-4FE8-8EB7-C3E68E3A72E2}
		{84C9EEBF-40F4-429C-BDDF-763FA49B95F2} = {465299BD-827C-4FE8-8EB7-C3E68E3A72E2}
		{FA807D22-657D-40AD-8FE6-C2ABA5FF1DE1} = {4F40A787-BAD2-4B65-8380-9F90E42A1E45}
		{E6A119B6-983D-4505-BE36-E0C4D7C90916} = {4F40A787-BAD2-4B65-8380-9F90E42A1E45}
		{9C21A728-10DE-4CC7-9961-ACC0C59B95A5} = {4F40A787-BAD2-4B65-8380-9F90E42A1E45}
		{80534891-ABC1-4B71-BF28-3495A78FED01} = {4F40A787-BAD2-4B65-8380-9F90E42A1E45}
		{AEE8CA08-F7A4-436B-BD71-71651CB5F9EB} = {4F40A787-BAD2-4B65-8380-9F90E42A1E45}
		{C8BCFD10-B88F-4850-9FB9-06B1E01686A9} = {4F40A787-BAD2-4B65-8380-9F90E42A1E45}
		{4C1BAF67-6902-4471-A1AF-F234F2DFFDBC} = {4F40A787-BAD2-4B65-8380-9F90E42A1E45}
		{4B56B2E7-0C92-4F48-8926-E1A538FC8054} = {4F40A787-BAD2-4B65-8380-9F90E42A1E45}
		{B771781C-F15E-4EFB-82FD-92920EEACA15} = {4F40A787-BAD2-4B65-8380-9F90E42A1E45}
		{C09398E2-0305-414F-8864-655FEB1A3A8B} = {4F40A787-BAD2-4B65-8380-9F90E42A1E45}
		{B11ACC61-61AF-4584-94F4-7D3F4FFCA664} = {4F40A787-BAD2-4B65-8380-9F90E42A1E45}
		{1030984D-630C-4E15-83B9-CB287788CB15} = {9DE83D6E-8880-483F-B984-21E6C460E403}
		{9EA4802B-6DA6-4A1A-84FC-C5DDF167B313} = {9DE83D6E-8880-483F-B984-21E6C460E403}
		{14EEC128-9E2E-44B2-8414-A6D3D6FE89E3} = {4F40A787-BAD2-4B65-8380-9F90E42A1E45}
		{2773F85E-00CE-4EDB-B541-CC4B03C0E3B8} = {4F40A787-BAD2-4B65-8380-9F90E42A1E45}
		{F74F877C-DEFA-469D-A1C6-251AF67E71EA} = {4F40A787-BAD2-4B65-8380-9F90E42A1E45}
		{6DD1EA7D-19CE-4127-80EE-6832A6DCFD20} = {4F40A787-BAD2-4B65-8380-9F90E42A1E45}
		{AA4946E1-3C08-4A63-BD4F-78A951551938} = {4F40A787-BAD2-4B65-8380-9F90E42A1E45}
		{38AC1B57-586D-4737-9AAD-D6556DFCBF62} = {4F40A787-BAD2-4B65-8380-9F90E42A1E45}
		{58650249-F936-4178-88CD-EFC5C43DF794} = {4F40A787-BAD2-4B65-8380-9F90E42A1E45}
		{56C447B6-EE7D-40FC-926B-D882BAE5FD31} = {4F40A787-BAD2-4B65-8380-9F90E42A1E45}
		{03495244-37ED-457E-AEE9-F9599CC17DCD} = {0DA8DD42-6E4B-4E20-9027-D9ABFB3DCE68}
		{9F59392B-B3DD-459A-8F16-B86A394F7825} = {0DA8DD42-6E4B-4E20-9027-D9ABFB3DCE68}
		{3073A6E6-77DD-4F48-90B5-134937D39E34} = {0DA8DD42-6E4B-4E20-9027-D9ABFB3DCE68}
		{BF32ABD2-BD25-4755-9ED6-8BEFB6D3F323} = {0DA8DD42-6E4B-4E20-9027-D9ABFB3DCE68}
		{60C700D8-DE4C-4F77-A406-2728A75271FE} = {0DA8DD42-6E4B-4E20-9027-D9ABFB3DCE68}
		{3CEE82E5-C11F-498C-8C45-A3DF453F261E} = {FB707059-513D-4232-81F3-916DEE4696AE}
		{786FEDE2-EDB8-43D8-A825-BE7BB0AD4988} = {FB707059-513D-4232-81F3-916DEE4696AE}
		{AB91CDDD-EDAF-423B-9900-4B6D3770A3A2} = {FB707059-513D-4232-81F3-916DEE4696AE}
		{273122FC-9043-47CF-9736-AFEB8D645B62} = {FB707059-513D-4232-81F3-916DEE4696AE}
		{F9832BA1-4AA2-4525-93F2-D64AD9F0BBC9} = {FB707059-513D-4232-81F3-916DEE4696AE}
		{B00DEDFD-68A3-4D89-A2A2-FB52B7AE2B56} = {FB707059-513D-4232-81F3-916DEE4696AE}
		{FB3A1210-8E2B-475A-A93F-8564FF6D9469} = {FB707059-513D-4232-81F3-916DEE4696AE}
		{D864AD50-C4C5-40EF-A872-8E7ADCE7B74A} = {FB707059-513D-4232-81F3-916DEE4696AE}
		{BDB1A3BD-9162-4654-A8B8-A063EC7FDADC} = {FB707059-513D-4232-81F3-916DEE4696AE}
		{420DD0B4-5C8B-4078-870B-79E48170AF5B} = {87C673B4-ECC1-4C73-878F-706A5AADCC56}
		{172AD182-5365-4445-8D54-EA7196739D81} = {87C673B4-ECC1-4C73-878F-706A5AADCC56}
		{BE2E14B2-64ED-4990-8A8A-9E5D5E404E83} = {87C673B4-ECC1-4C73-878F-706A5AADCC56}
		{DF50428A-693A-44A1-9415-582015519F83} = {87C673B4-ECC1-4C73-878F-706A5AADCC56}
		{28179E67-433C-48E6-AA68-05E6559651B1} = {87C673B4-ECC1-4C73-878F-706A5AADCC56}
	EndGlobalSection
	GlobalSection(ExtensibilityGlobals) = postSolution
		SolutionGuid = {6BAE7ED7-4907-4357-9C0D-1F6CD749E89E}
	EndGlobalSection
EndGlobal
